
Microsoft Visual Studio Solution File, Format Version 12.00
# Visual Studio Version 17
VisualStudioVersion = 17.8.34330.188
MinimumVisualStudioVersion = 10.0.40219.1
Project("{FAE04EC0-301F-11D3-BF4B-00C04F79EFBC}") = "KargoSirketiProjesi", "KargoSirketiProjesi\KargoSirketiProjesi.csproj", "{A5528B34-4914-4BB1-BBBA-C534684B0DE0}"
EndProject
Global
	GlobalSection(SolutionConfigurationPlatforms) = preSolution
		Debug|Any CPU = Debug|Any CPU
		Release|Any CPU = Release|Any CPU
	EndGlobalSection
	GlobalSection(ProjectConfigurationPlatforms) = postSolution
		{A5528B34-4914-4BB1-BBBA-C534684B0DE0}.Debug|Any CPU.ActiveCfg = Debug|Any CPU
		{A5528B34-4914-4BB1-BBBA-C534684B0DE0}.Debug|Any CPU.Build.0 = Debug|Any CPU
		{A5528B34-4914-4BB1-BBBA-C534684B0DE0}.Release|Any CPU.ActiveCfg = Release|Any CPU
		{A5528B34-4914-4BB1-BBBA-C534684B0DE0}.Release|Any CPU.Build.0 = Release|Any CPU
	EndGlobalSection
	GlobalSection(SolutionProperties) = preSolution
		HideSolutionNode = FALSE
	EndGlobalSection
	GlobalSection(ExtensibilityGlobals) = postSolution
		SolutionGuid = {6F31CE25-65A4-4294-A7D8-896FF6F0BF26}
	EndGlobalSection
EndGlobal
